
Microsoft Visual Studio Solution File, Format Version 12.00
# Visual Studio Version 16
VisualStudioVersion = 16.0.29411.108
MinimumVisualStudioVersion = 10.0.40219.1
Project("{FAE04EC0-301F-11D3-BF4B-00C04F79EFBC}") = "CoalShortagePortal.Core", "src\CoalShortagePortal.Core\CoalShortagePortal.Core.csproj", "{165623C1-9396-441C-95BA-E63A4B69ACB5}"
EndProject
Project("{FAE04EC0-301F-11D3-BF4B-00C04F79EFBC}") = "CoalShortagePortal.Data", "src\CoalShortagePortal.Data\CoalShortagePortal.Data.csproj", "{9585B77C-F7C4-4591-AC62-6E06BCFAF39F}"
EndProject
Project("{FAE04EC0-301F-11D3-BF4B-00C04F79EFBC}") = "CoalShortagePortal.Application", "src\CoalShortagePortal.Application\CoalShortagePortal.Application.csproj", "{74ECD083-2FE3-4133-A48D-8435173C8ACF}"
EndProject
Project("{FAE04EC0-301F-11D3-BF4B-00C04F79EFBC}") = "CoalShortagePortal.WebApp", "src\CoalShortagePortal.WebApp\CoalShortagePortal.WebApp.csproj", "{E7CBD05A-A10A-4BA0-A300-1FB93C8DCB47}"
EndProject
Project("{FAE04EC0-301F-11D3-BF4B-00C04F79EFBC}") = "CoalShortagePortal.Infrastructure", "src\CoalShortagePortal.Infrastructure\CoalShortagePortal.Infrastructure.csproj", "{062811E1-D859-409D-B861-8DEC77BA5AD3}"
EndProject
Global
	GlobalSection(SolutionConfigurationPlatforms) = preSolution
		Debug|Any CPU = Debug|Any CPU
		Release|Any CPU = Release|Any CPU
	EndGlobalSection
	GlobalSection(ProjectConfigurationPlatforms) = postSolution
		{165623C1-9396-441C-95BA-E63A4B69ACB5}.Debug|Any CPU.ActiveCfg = Debug|Any CPU
		{165623C1-9396-441C-95BA-E63A4B69ACB5}.Debug|Any CPU.Build.0 = Debug|Any CPU
		{165623C1-9396-441C-95BA-E63A4B69ACB5}.Release|Any CPU.ActiveCfg = Release|Any CPU
		{165623C1-9396-441C-95BA-E63A4B69ACB5}.Release|Any CPU.Build.0 = Release|Any CPU
		{9585B77C-F7C4-4591-AC62-6E06BCFAF39F}.Debug|Any CPU.ActiveCfg = Debug|Any CPU
		{9585B77C-F7C4-4591-AC62-6E06BCFAF39F}.Debug|Any CPU.Build.0 = Debug|Any CPU
		{9585B77C-F7C4-4591-AC62-6E06BCFAF39F}.Release|Any CPU.ActiveCfg = Release|Any CPU
		{9585B77C-F7C4-4591-AC62-6E06BCFAF39F}.Release|Any CPU.Build.0 = Release|Any CPU
		{74ECD083-2FE3-4133-A48D-8435173C8ACF}.Debug|Any CPU.ActiveCfg = Debug|Any CPU
		{74ECD083-2FE3-4133-A48D-8435173C8ACF}.Debug|Any CPU.Build.0 = Debug|Any CPU
		{74ECD083-2FE3-4133-A48D-8435173C8ACF}.Release|Any CPU.ActiveCfg = Release|Any CPU
		{74ECD083-2FE3-4133-A48D-8435173C8ACF}.Release|Any CPU.Build.0 = Release|Any CPU
		{E7CBD05A-A10A-4BA0-A300-1FB93C8DCB47}.Debug|Any CPU.ActiveCfg = Debug|Any CPU
		{E7CBD05A-A10A-4BA0-A300-1FB93C8DCB47}.Debug|Any CPU.Build.0 = Debug|Any CPU
		{E7CBD05A-A10A-4BA0-A300-1FB93C8DCB47}.Release|Any CPU.ActiveCfg = Release|Any CPU
		{E7CBD05A-A10A-4BA0-A300-1FB93C8DCB47}.Release|Any CPU.Build.0 = Release|Any CPU
		{062811E1-D859-409D-B861-8DEC77BA5AD3}.Debug|Any CPU.ActiveCfg = Debug|Any CPU
		{062811E1-D859-409D-B861-8DEC77BA5AD3}.Debug|Any CPU.Build.0 = Debug|Any CPU
		{062811E1-D859-409D-B861-8DEC77BA5AD3}.Release|Any CPU.ActiveCfg = Release|Any CPU
		{062811E1-D859-409D-B861-8DEC77BA5AD3}.Release|Any CPU.Build.0 = Release|Any CPU
	EndGlobalSection
	GlobalSection(SolutionProperties) = preSolution
		HideSolutionNode = FALSE
	EndGlobalSection
	GlobalSection(ExtensibilityGlobals) = postSolution
		SolutionGuid = {F8692CB9-99A0-4DF3-9CA3-31A579F81409}
	EndGlobalSection
EndGlobal
